
Microsoft Visual Studio Solution File, Format Version 10.00
# Visual Studio 2008
Project("{FAE04EC0-301F-11D3-BF4B-00C04F79EFBC}") = "ShadowTracker", "Core\ShadowTracker.csproj", "{A3ACDA32-DFDD-4E78-AEF7-15452C0F4369}"
EndProject
Project("{FAE04EC0-301F-11D3-BF4B-00C04F79EFBC}") = "ShadowTracker.Service", "Service\ShadowTracker.Service.csproj", "{EF2114E1-6A6F-4549-8136-2091E1C7C0A6}"
EndProject
Project("{FAE04EC0-301F-11D3-BF4B-00C04F79EFBC}") = "ShadowTracker.Test", "Core_Test\ShadowTracker.Test.csproj", "{5D5AD2EC-7B60-43EE-96BE-3D189DA2338F}"
EndProject
Project("{2150E333-8FDC-42A3-9474-1A3956D46DE8}") = "Solution Items", "Solution Items", "{E85F39FA-8203-47BA-B79E-A27DC91679CC}"
	ProjectSection(SolutionItems) = preProject
		LocalTestRun.testrunconfig = LocalTestRun.testrunconfig
		Readme.txt = Readme.txt
		ShadowTracker.vsmdi = ShadowTracker.vsmdi
	EndProjectSection
EndProject
Project("{FAE04EC0-301F-11D3-BF4B-00C04F79EFBC}") = "ShadowTracker.Console", "Console\ShadowTracker.Console.csproj", "{CE17CD1B-E5E4-4B91-9DB9-47B0E11B817F}"
EndProject
Global
	GlobalSection(TestCaseManagementSettings) = postSolution
		CategoryFile = ShadowTracker.vsmdi
	EndGlobalSection
	GlobalSection(SolutionConfigurationPlatforms) = preSolution
		Debug|Any CPU = Debug|Any CPU
		Release|Any CPU = Release|Any CPU
	EndGlobalSection
	GlobalSection(ProjectConfigurationPlatforms) = postSolution
		{A3ACDA32-DFDD-4E78-AEF7-15452C0F4369}.Debug|Any CPU.ActiveCfg = Debug|Any CPU
		{A3ACDA32-DFDD-4E78-AEF7-15452C0F4369}.Debug|Any CPU.Build.0 = Debug|Any CPU
		{A3ACDA32-DFDD-4E78-AEF7-15452C0F4369}.Release|Any CPU.ActiveCfg = Release|Any CPU
		{A3ACDA32-DFDD-4E78-AEF7-15452C0F4369}.Release|Any CPU.Build.0 = Release|Any CPU
		{EF2114E1-6A6F-4549-8136-2091E1C7C0A6}.Debug|Any CPU.ActiveCfg = Debug|Any CPU
		{EF2114E1-6A6F-4549-8136-2091E1C7C0A6}.Debug|Any CPU.Build.0 = Debug|Any CPU
		{EF2114E1-6A6F-4549-8136-2091E1C7C0A6}.Release|Any CPU.ActiveCfg = Release|Any CPU
		{EF2114E1-6A6F-4549-8136-2091E1C7C0A6}.Release|Any CPU.Build.0 = Release|Any CPU
		{5D5AD2EC-7B60-43EE-96BE-3D189DA2338F}.Debug|Any CPU.ActiveCfg = Debug|Any CPU
		{5D5AD2EC-7B60-43EE-96BE-3D189DA2338F}.Debug|Any CPU.Build.0 = Debug|Any CPU
		{5D5AD2EC-7B60-43EE-96BE-3D189DA2338F}.Release|Any CPU.ActiveCfg = Release|Any CPU
		{5D5AD2EC-7B60-43EE-96BE-3D189DA2338F}.Release|Any CPU.Build.0 = Release|Any CPU
		{CE17CD1B-E5E4-4B91-9DB9-47B0E11B817F}.Debug|Any CPU.ActiveCfg = Debug|Any CPU
		{CE17CD1B-E5E4-4B91-9DB9-47B0E11B817F}.Debug|Any CPU.Build.0 = Debug|Any CPU
		{CE17CD1B-E5E4-4B91-9DB9-47B0E11B817F}.Release|Any CPU.ActiveCfg = Release|Any CPU
		{CE17CD1B-E5E4-4B91-9DB9-47B0E11B817F}.Release|Any CPU.Build.0 = Release|Any CPU
	EndGlobalSection
	GlobalSection(SolutionProperties) = preSolution
		HideSolutionNode = FALSE
	EndGlobalSection
EndGlobal
